
Microsoft Visual Studio Solution File, Format Version 12.00
# Visual Studio Version 17
VisualStudioVersion = 17.8.34511.84
MinimumVisualStudioVersion = 10.0.40219.1
Project("{FAE04EC0-301F-11D3-BF4B-00C04F79EFBC}") = "FiapApiDocker", "FiapApiDocker\FiapApiDocker.csproj", "{BBC3AE6E-553D-4870-A719-02C914CE9D64}"
EndProject
Global
	GlobalSection(SolutionConfigurationPlatforms) = preSolution
		Debug|Any CPU = Debug|Any CPU
		Release|Any CPU = Release|Any CPU
	EndGlobalSection
	GlobalSection(ProjectConfigurationPlatforms) = postSolution
		{BBC3AE6E-553D-4870-A719-02C914CE9D64}.Debug|Any CPU.ActiveCfg = Debug|Any CPU
		{BBC3AE6E-553D-4870-A719-02C914CE9D64}.Debug|Any CPU.Build.0 = Debug|Any CPU
		{BBC3AE6E-553D-4870-A719-02C914CE9D64}.Release|Any CPU.ActiveCfg = Release|Any CPU
		{BBC3AE6E-553D-4870-A719-02C914CE9D64}.Release|Any CPU.Build.0 = Release|Any CPU
	EndGlobalSection
	GlobalSection(SolutionProperties) = preSolution
		HideSolutionNode = FALSE
	EndGlobalSection
	GlobalSection(ExtensibilityGlobals) = postSolution
		SolutionGuid = {BFF2443C-4647-44EF-BE6A-7E05E0FCB61C}
	EndGlobalSection
EndGlobal
